
Microsoft Visual Studio Solution File, Format Version 12.00
# Visual Studio Version 16
VisualStudioVersion = 16.0.810.23
MinimumVisualStudioVersion = 10.0.40219.1
Project("{FAE04EC0-301F-11D3-BF4B-00C04F79EFBC}") = "vn_mode_csharp_dz04", "vn_mode_csharp_dz04.csproj", "{B6ECDA60-3EB9-49CB-B400-853CA53ACC66}"
EndProject
Global
	GlobalSection(SolutionConfigurationPlatforms) = preSolution
		Debug|Any CPU = Debug|Any CPU
		Release|Any CPU = Release|Any CPU
	EndGlobalSection
	GlobalSection(ProjectConfigurationPlatforms) = postSolution
		{B6ECDA60-3EB9-49CB-B400-853CA53ACC66}.Debug|Any CPU.ActiveCfg = Debug|Any CPU
		{B6ECDA60-3EB9-49CB-B400-853CA53ACC66}.Debug|Any CPU.Build.0 = Debug|Any CPU
		{B6ECDA60-3EB9-49CB-B400-853CA53ACC66}.Release|Any CPU.ActiveCfg = Release|Any CPU
		{B6ECDA60-3EB9-49CB-B400-853CA53ACC66}.Release|Any CPU.Build.0 = Release|Any CPU
	EndGlobalSection
	GlobalSection(SolutionProperties) = preSolution
		HideSolutionNode = FALSE
	EndGlobalSection
	GlobalSection(ExtensibilityGlobals) = postSolution
		SolutionGuid = {635BC06F-A32D-458C-A00A-3B3BB25DCD66}
	EndGlobalSection
EndGlobal
